
Microsoft Visual Studio Solution File, Format Version 12.00
# Visual Studio Version 16
VisualStudioVersion = 16.0.32630.194
MinimumVisualStudioVersion = 10.0.40219.1
Project("{E24C65DC-7377-472B-9ABA-BC803B73C61A}") = "MyFirstWebApplication", "..\..\MyFirstWebApplication - Additional\MyFirstWebApplication\", "{772CF8B8-F270-463A-9F70-EA89F747463B}"
	ProjectSection(WebsiteProperties) = preProject
		TargetFrameworkMoniker = ".NETFramework,Version%3Dv4.7.2"
		Debug.AspNetCompiler.VirtualPath = "/localhost_63203"
		Debug.AspNetCompiler.PhysicalPath = "D:\.NET\ASP.NET\MyFirstWebApplication - Additional\MyFirstWebApplication\"
		Debug.AspNetCompiler.TargetPath = "PrecompiledWeb\localhost_63203\"
		Debug.AspNetCompiler.Updateable = "true"
		Debug.AspNetCompiler.ForceOverwrite = "true"
		Debug.AspNetCompiler.FixedNames = "false"
		Debug.AspNetCompiler.Debug = "True"
		Release.AspNetCompiler.VirtualPath = "/localhost_63203"
		Release.AspNetCompiler.PhysicalPath = "D:\.NET\ASP.NET\MyFirstWebApplication - Additional\MyFirstWebApplication\"
		Release.AspNetCompiler.TargetPath = "PrecompiledWeb\localhost_63203\"
		Release.AspNetCompiler.Updateable = "true"
		Release.AspNetCompiler.ForceOverwrite = "true"
		Release.AspNetCompiler.FixedNames = "false"
		Release.AspNetCompiler.Debug = "False"
		VWDPort = "63203"
	EndProjectSection
EndProject
Global
	GlobalSection(SolutionConfigurationPlatforms) = preSolution
		Debug|Any CPU = Debug|Any CPU
	EndGlobalSection
	GlobalSection(ProjectConfigurationPlatforms) = postSolution
		{772CF8B8-F270-463A-9F70-EA89F747463B}.Debug|Any CPU.ActiveCfg = Debug|Any CPU
		{772CF8B8-F270-463A-9F70-EA89F747463B}.Debug|Any CPU.Build.0 = Debug|Any CPU
	EndGlobalSection
	GlobalSection(SolutionProperties) = preSolution
		HideSolutionNode = FALSE
	EndGlobalSection
	GlobalSection(ExtensibilityGlobals) = postSolution
		SolutionGuid = {8328CBAD-F848-4D3C-A6FA-67746830F3D0}
	EndGlobalSection
EndGlobal
