
Microsoft Visual Studio Solution File, Format Version 12.00
# Visual Studio Version 16
VisualStudioVersion = 16.0.32802.440
MinimumVisualStudioVersion = 10.0.40219.1
Project("{E24C65DC-7377-472B-9ABA-BC803B73C61A}") = "RedirectingtoAnotherPage", "RedirectingtoAnotherPage\", "{65677C32-0EF1-4327-BCB7-AB811A4EC833}"
	ProjectSection(WebsiteProperties) = preProject
		TargetFrameworkMoniker = ".NETFramework,Version%3Dv4.7.2"
		Debug.AspNetCompiler.VirtualPath = "/localhost_53655"
		Debug.AspNetCompiler.PhysicalPath = "RedirectingtoAnotherPage\"
		Debug.AspNetCompiler.TargetPath = "PrecompiledWeb\localhost_53655\"
		Debug.AspNetCompiler.Updateable = "true"
		Debug.AspNetCompiler.ForceOverwrite = "true"
		Debug.AspNetCompiler.FixedNames = "false"
		Debug.AspNetCompiler.Debug = "True"
		Release.AspNetCompiler.VirtualPath = "/localhost_53655"
		Release.AspNetCompiler.PhysicalPath = "RedirectingtoAnotherPage\"
		Release.AspNetCompiler.TargetPath = "PrecompiledWeb\localhost_53655\"
		Release.AspNetCompiler.Updateable = "true"
		Release.AspNetCompiler.ForceOverwrite = "true"
		Release.AspNetCompiler.FixedNames = "false"
		Release.AspNetCompiler.Debug = "False"
		VWDPort = "53655"
		SlnRelativePath = "RedirectingtoAnotherPage\"
		DefaultWebSiteLanguage = "Visual C#"
	EndProjectSection
EndProject
Global
	GlobalSection(SolutionConfigurationPlatforms) = preSolution
		Debug|Any CPU = Debug|Any CPU
	EndGlobalSection
	GlobalSection(ProjectConfigurationPlatforms) = postSolution
		{65677C32-0EF1-4327-BCB7-AB811A4EC833}.Debug|Any CPU.ActiveCfg = Debug|Any CPU
		{65677C32-0EF1-4327-BCB7-AB811A4EC833}.Debug|Any CPU.Build.0 = Debug|Any CPU
	EndGlobalSection
	GlobalSection(SolutionProperties) = preSolution
		HideSolutionNode = FALSE
	EndGlobalSection
	GlobalSection(ExtensibilityGlobals) = postSolution
		SolutionGuid = {B49E8851-DAB8-4A22-85BB-986E59BDB869}
	EndGlobalSection
EndGlobal
